
Microsoft Visual Studio Solution File, Format Version 12.00
# Visual Studio 2013
VisualStudioVersion = 12.0.31101.0
MinimumVisualStudioVersion = 10.0.40219.1
Project("{FAE04EC0-301F-11D3-BF4B-00C04F79EFBC}") = "AkkaWorkFlow", "AkkaWorkFlow\AkkaWorkFlow.csproj", "{2505D234-7D42-4FA2-B7BA-D7672459E495}"
EndProject
Project("{FAE04EC0-301F-11D3-BF4B-00C04F79EFBC}") = "AkkaWorkFlow.Tests", "AkkaWorkFlow.Tests\AkkaWorkFlow.Tests.csproj", "{B6B788DD-677C-4F48-9A87-FC8492B32ECD}"
EndProject
Project("{2150E333-8FDC-42A3-9474-1A3956D46DE8}") = ".nuget", ".nuget", "{9CCFCA27-09B5-4AF7-9D35-543C356D5666}"
	ProjectSection(SolutionItems) = preProject
		.nuget\NuGet.Config = .nuget\NuGet.Config
		.nuget\NuGet.exe = .nuget\NuGet.exe
		.nuget\NuGet.targets = .nuget\NuGet.targets
	EndProjectSection
EndProject
Global
	GlobalSection(SolutionConfigurationPlatforms) = preSolution
		Debug|Any CPU = Debug|Any CPU
		Release|Any CPU = Release|Any CPU
	EndGlobalSection
	GlobalSection(ProjectConfigurationPlatforms) = postSolution
		{2505D234-7D42-4FA2-B7BA-D7672459E495}.Debug|Any CPU.ActiveCfg = Debug|Any CPU
		{2505D234-7D42-4FA2-B7BA-D7672459E495}.Debug|Any CPU.Build.0 = Debug|Any CPU
		{2505D234-7D42-4FA2-B7BA-D7672459E495}.Release|Any CPU.ActiveCfg = Release|Any CPU
		{2505D234-7D42-4FA2-B7BA-D7672459E495}.Release|Any CPU.Build.0 = Release|Any CPU
		{B6B788DD-677C-4F48-9A87-FC8492B32ECD}.Debug|Any CPU.ActiveCfg = Debug|Any CPU
		{B6B788DD-677C-4F48-9A87-FC8492B32ECD}.Debug|Any CPU.Build.0 = Debug|Any CPU
		{B6B788DD-677C-4F48-9A87-FC8492B32ECD}.Release|Any CPU.ActiveCfg = Release|Any CPU
		{B6B788DD-677C-4F48-9A87-FC8492B32ECD}.Release|Any CPU.Build.0 = Release|Any CPU
	EndGlobalSection
	GlobalSection(SolutionProperties) = preSolution
		HideSolutionNode = FALSE
	EndGlobalSection
EndGlobal
